// !$*UTF8*$!
{
	archiveVersion = 1;
	classes = {
	};
	objectVersion = 77;
	objects = {

/* Begin PBXBuildFile section */
		8B74A6D22E8683C300B76776 /* Lottie in Frameworks */ = {isa = PBXBuildFile; productRef = 8B74A6D12E8683C300B76776 /* Lottie */; };
		8B7B15432E99E71A00BCD506 /* WidgetKit.framework in Frameworks */ = {isa = PBXBuildFile; fileRef = 8B514E522E99CCC600C9BFB4 /* WidgetKit.framework */; };
		8B7B15442E99E71A00BCD506 /* SwiftUI.framework in Frameworks */ = {isa = PBXBuildFile; fileRef = 8B514E542E99CCC600C9BFB4 /* SwiftUI.framework */; };
		8B7B154F2E99E71B00BCD506 /* SahilStatsWidgetExtension.appex in Embed Foundation Extensions */ = {isa = PBXBuildFile; fileRef = 8B7B15422E99E71900BCD506 /* SahilStatsWidgetExtension.appex */; settings = {ATTRIBUTES = (RemoveHeadersOnCopy, ); }; };
		8BFE14522E7B60A800CED835 /* FirebaseCore in Frameworks */ = {isa = PBXBuildFile; productRef = 8BFE14512E7B60A800CED835 /* FirebaseCore */; };
		8BFE145A2E7B622E00CED835 /* FirebaseAuth in Frameworks */ = {isa = PBXBuildFile; productRef = 8BFE14592E7B622E00CED835 /* FirebaseAuth */; };
		8BFE145C2E7B622E00CED835 /* FirebaseFirestore in Frameworks */ = {isa = PBXBuildFile; productRef = 8BFE145B2E7B622E00CED835 /* FirebaseFirestore */; };
		8BFE145E2E7B622E00CED835 /* FirebaseStorage in Frameworks */ = {isa = PBXBuildFile; productRef = 8BFE145D2E7B622E00CED835 /* FirebaseStorage */; };
		8BFE14662E7B6E9200CED835 /* GoogleSignIn in Frameworks */ = {isa = PBXBuildFile; productRef = 8BFE14652E7B6E9200CED835 /* GoogleSignIn */; };
		8BFE14682E7B6E9200CED835 /* GoogleSignInSwift in Frameworks */ = {isa = PBXBuildFile; productRef = 8BFE14672E7B6E9200CED835 /* GoogleSignInSwift */; };
/* End PBXBuildFile section */

/* Begin PBXContainerItemProxy section */
		8B7B154D2E99E71B00BCD506 /* PBXContainerItemProxy */ = {
			isa = PBXContainerItemProxy;
			containerPortal = 8BFE14252E7B5A8E00CED835 /* Project object */;
			proxyType = 1;
			remoteGlobalIDString = 8B7B15412E99E71900BCD506;
			remoteInfo = SahilStatsWidgetExtension;
		};
/* End PBXContainerItemProxy section */

/* Begin PBXCopyFilesBuildPhase section */
		8B514E6B2E99CCC700C9BFB4 /* Embed Foundation Extensions */ = {
			isa = PBXCopyFilesBuildPhase;
			buildActionMask = 2147483647;
			dstPath = "";
			dstSubfolderSpec = 13;
			files = (
				8B7B154F2E99E71B00BCD506 /* SahilStatsWidgetExtension.appex in Embed Foundation Extensions */,
			);
			name = "Embed Foundation Extensions";
			runOnlyForDeploymentPostprocessing = 0;
		};
/* End PBXCopyFilesBuildPhase section */

/* Begin PBXFileReference section */
		8B514E522E99CCC600C9BFB4 /* WidgetKit.framework */ = {isa = PBXFileReference; lastKnownFileType = wrapper.framework; name = WidgetKit.framework; path = System/Library/Frameworks/WidgetKit.framework; sourceTree = SDKROOT; };
		8B514E542E99CCC600C9BFB4 /* SwiftUI.framework */ = {isa = PBXFileReference; lastKnownFileType = wrapper.framework; name = SwiftUI.framework; path = System/Library/Frameworks/SwiftUI.framework; sourceTree = SDKROOT; };
		8B7B15422E99E71900BCD506 /* SahilStatsWidgetExtension.appex */ = {isa = PBXFileReference; explicitFileType = "wrapper.app-extension"; includeInIndex = 0; path = SahilStatsWidgetExtension.appex; sourceTree = BUILT_PRODUCTS_DIR; };
		8BFE142D2E7B5A8E00CED835 /* SahilStats.app */ = {isa = PBXFileReference; explicitFileType = wrapper.application; includeInIndex = 0; path = SahilStats.app; sourceTree = BUILT_PRODUCTS_DIR; };
/* End PBXFileReference section */

/* Begin PBXFileSystemSynchronizedBuildFileExceptionSet section */
		8B7B15532E99E71B00BCD506 /* Exceptions for "SahilStatsWidget" folder in "SahilStatsWidgetExtension" target */ = {
			isa = PBXFileSystemSynchronizedBuildFileExceptionSet;
			membershipExceptions = (
				Info.plist,
			);
			target = 8B7B15412E99E71900BCD506 /* SahilStatsWidgetExtension */;
		};
		8B7B15552E99E77E00BCD506 /* Exceptions for "SahilStats" folder in "SahilStatsWidgetExtension" target */ = {
			isa = PBXFileSystemSynchronizedBuildFileExceptionSet;
			membershipExceptions = (
				Models/DeviceRole.swift,
				Services/SahilStatsActivityAttributes.swift,
				Services/SahilStatsLiveActivity.swift,
			);
			target = 8B7B15412E99E71900BCD506 /* SahilStatsWidgetExtension */;
		};
		8BFE14722E7B863000CED835 /* Exceptions for "SahilStats" folder in "SahilStats" target */ = {
			isa = PBXFileSystemSynchronizedBuildFileExceptionSet;
			membershipExceptions = (
				Info.plist,
			);
			target = 8BFE142C2E7B5A8E00CED835 /* SahilStats */;
		};
/* End PBXFileSystemSynchronizedBuildFileExceptionSet section */

/* Begin PBXFileSystemSynchronizedRootGroup section */
		8B7B15452E99E71A00BCD506 /* SahilStatsWidget */ = {
			isa = PBXFileSystemSynchronizedRootGroup;
			exceptions = (
				8B7B15532E99E71B00BCD506 /* Exceptions for "SahilStatsWidget" folder in "SahilStatsWidgetExtension" target */,
			);
			path = SahilStatsWidget;
			sourceTree = "<group>";
		};
		8BFE142F2E7B5A8E00CED835 /* SahilStats */ = {
			isa = PBXFileSystemSynchronizedRootGroup;
			exceptions = (
				8BFE14722E7B863000CED835 /* Exceptions for "SahilStats" folder in "SahilStats" target */,
				8B7B15552E99E77E00BCD506 /* Exceptions for "SahilStats" folder in "SahilStatsWidgetExtension" target */,
			);
			path = SahilStats;
			sourceTree = "<group>";
		};
/* End PBXFileSystemSynchronizedRootGroup section */

/* Begin PBXFrameworksBuildPhase section */
		8B7B153F2E99E71900BCD506 /* Frameworks */ = {
			isa = PBXFrameworksBuildPhase;
			buildActionMask = 2147483647;
			files = (
				8B7B15442E99E71A00BCD506 /* SwiftUI.framework in Frameworks */,
				8B7B15432E99E71A00BCD506 /* WidgetKit.framework in Frameworks */,
			);
			runOnlyForDeploymentPostprocessing = 0;
		};
		8BFE142A2E7B5A8E00CED835 /* Frameworks */ = {
			isa = PBXFrameworksBuildPhase;
			buildActionMask = 2147483647;
			files = (
				8BFE14662E7B6E9200CED835 /* GoogleSignIn in Frameworks */,
				8B74A6D22E8683C300B76776 /* Lottie in Frameworks */,
				8BFE14522E7B60A800CED835 /* FirebaseCore in Frameworks */,
				8BFE145E2E7B622E00CED835 /* FirebaseStorage in Frameworks */,
				8BFE14682E7B6E9200CED835 /* GoogleSignInSwift in Frameworks */,
				8BFE145A2E7B622E00CED835 /* FirebaseAuth in Frameworks */,
				8BFE145C2E7B622E00CED835 /* FirebaseFirestore in Frameworks */,
			);
			runOnlyForDeploymentPostprocessing = 0;
		};
/* End PBXFrameworksBuildPhase section */

/* Begin PBXGroup section */
		8B514E512E99CCC600C9BFB4 /* Frameworks */ = {
			isa = PBXGroup;
			children = (
				8B514E522E99CCC600C9BFB4 /* WidgetKit.framework */,
				8B514E542E99CCC600C9BFB4 /* SwiftUI.framework */,
			);
			name = Frameworks;
			sourceTree = "<group>";
		};
		8BFE14242E7B5A8E00CED835 = {
			isa = PBXGroup;
			children = (
				8BFE142F2E7B5A8E00CED835 /* SahilStats */,
				8B7B15452E99E71A00BCD506 /* SahilStatsWidget */,
				8B514E512E99CCC600C9BFB4 /* Frameworks */,
				8BFE142E2E7B5A8E00CED835 /* Products */,
			);
			sourceTree = "<group>";
		};
		8BFE142E2E7B5A8E00CED835 /* Products */ = {
			isa = PBXGroup;
			children = (
				8BFE142D2E7B5A8E00CED835 /* SahilStats.app */,
				8B7B15422E99E71900BCD506 /* SahilStatsWidgetExtension.appex */,
			);
			name = Products;
			sourceTree = "<group>";
		};
/* End PBXGroup section */

/* Begin PBXNativeTarget section */
		8B7B15412E99E71900BCD506 /* SahilStatsWidgetExtension */ = {
			isa = PBXNativeTarget;
			buildConfigurationList = 8B7B15502E99E71B00BCD506 /* Build configuration list for PBXNativeTarget "SahilStatsWidgetExtension" */;
			buildPhases = (
				8B7B153E2E99E71900BCD506 /* Sources */,
				8B7B153F2E99E71900BCD506 /* Frameworks */,
				8B7B15402E99E71900BCD506 /* Resources */,
			);
			buildRules = (
			);
			dependencies = (
			);
			fileSystemSynchronizedGroups = (
				8B7B15452E99E71A00BCD506 /* SahilStatsWidget */,
			);
			name = SahilStatsWidgetExtension;
			packageProductDependencies = (
			);
			productName = SahilStatsWidgetExtension;
			productReference = 8B7B15422E99E71900BCD506 /* SahilStatsWidgetExtension.appex */;
			productType = "com.apple.product-type.app-extension";
		};
		8BFE142C2E7B5A8E00CED835 /* SahilStats */ = {
			isa = PBXNativeTarget;
			buildConfigurationList = 8BFE143D2E7B5A9000CED835 /* Build configuration list for PBXNativeTarget "SahilStats" */;
			buildPhases = (
				8BFE14292E7B5A8E00CED835 /* Sources */,
				8BFE142A2E7B5A8E00CED835 /* Frameworks */,
				8BFE142B2E7B5A8E00CED835 /* Resources */,
				8B514E6B2E99CCC700C9BFB4 /* Embed Foundation Extensions */,
			);
			buildRules = (
			);
			dependencies = (
				8B7B154E2E99E71B00BCD506 /* PBXTargetDependency */,
			);
			fileSystemSynchronizedGroups = (
				8BFE142F2E7B5A8E00CED835 /* SahilStats */,
			);
			name = SahilStats;
			packageProductDependencies = (
				8BFE14512E7B60A800CED835 /* FirebaseCore */,
				8BFE14592E7B622E00CED835 /* FirebaseAuth */,
				8BFE145B2E7B622E00CED835 /* FirebaseFirestore */,
				8BFE145D2E7B622E00CED835 /* FirebaseStorage */,
				8BFE14652E7B6E9200CED835 /* GoogleSignIn */,
				8BFE14672E7B6E9200CED835 /* GoogleSignInSwift */,
				8B74A6D12E8683C300B76776 /* Lottie */,
			);
			productName = SahilStats;
			productReference = 8BFE142D2E7B5A8E00CED835 /* SahilStats.app */;
			productType = "com.apple.product-type.application";
		};
/* End PBXNativeTarget section */

/* Begin PBXProject section */
		8BFE14252E7B5A8E00CED835 /* Project object */ = {
			isa = PBXProject;
			attributes = {
				BuildIndependentTargetsInParallel = 1;
				KnownAssetTags = (
					New,
				);
				LastSwiftUpdateCheck = 2600;
				LastUpgradeCheck = 2610;
				TargetAttributes = {
					8B7B15412E99E71900BCD506 = {
						CreatedOnToolsVersion = 26.0.1;
					};
					8BFE142C2E7B5A8E00CED835 = {
						CreatedOnToolsVersion = 26.0;
					};
				};
			};
			buildConfigurationList = 8BFE14282E7B5A8E00CED835 /* Build configuration list for PBXProject "SahilStats" */;
			developmentRegion = en;
			hasScannedForEncodings = 0;
			knownRegions = (
				en,
				Base,
			);
			mainGroup = 8BFE14242E7B5A8E00CED835;
			minimizedProjectReferenceProxies = 1;
			packageReferences = (
				8BFE14502E7B60A800CED835 /* XCRemoteSwiftPackageReference "firebase-ios-sdk" */,
				8BFE14642E7B6E9200CED835 /* XCRemoteSwiftPackageReference "GoogleSignIn-iOS" */,
				8B74A6D02E8683C300B76776 /* XCRemoteSwiftPackageReference "lottie-ios" */,
			);
			preferredProjectObjectVersion = 77;
			productRefGroup = 8BFE142E2E7B5A8E00CED835 /* Products */;
			projectDirPath = "";
			projectRoot = "";
			targets = (
				8BFE142C2E7B5A8E00CED835 /* SahilStats */,
				8B7B15412E99E71900BCD506 /* SahilStatsWidgetExtension */,
			);
		};
/* End PBXProject section */

/* Begin PBXResourcesBuildPhase section */
		8B7B15402E99E71900BCD506 /* Resources */ = {
			isa = PBXResourcesBuildPhase;
			buildActionMask = 2147483647;
			files = (
			);
			runOnlyForDeploymentPostprocessing = 0;
		};
		8BFE142B2E7B5A8E00CED835 /* Resources */ = {
			isa = PBXResourcesBuildPhase;
			buildActionMask = 2147483647;
			files = (
			);
			runOnlyForDeploymentPostprocessing = 0;
		};
/* End PBXResourcesBuildPhase section */

/* Begin PBXSourcesBuildPhase section */
		8B7B153E2E99E71900BCD506 /* Sources */ = {
			isa = PBXSourcesBuildPhase;
			buildActionMask = 2147483647;
			files = (
			);
			runOnlyForDeploymentPostprocessing = 0;
		};
		8BFE14292E7B5A8E00CED835 /* Sources */ = {
			isa = PBXSourcesBuildPhase;
			buildActionMask = 2147483647;
			files = (
			);
			runOnlyForDeploymentPostprocessing = 0;
		};
/* End PBXSourcesBuildPhase section */

/* Begin PBXTargetDependency section */
		8B7B154E2E99E71B00BCD506 /* PBXTargetDependency */ = {
			isa = PBXTargetDependency;
			target = 8B7B15412E99E71900BCD506 /* SahilStatsWidgetExtension */;
			targetProxy = 8B7B154D2E99E71B00BCD506 /* PBXContainerItemProxy */;
		};
/* End PBXTargetDependency section */

/* Begin XCBuildConfiguration section */
		8B7B15512E99E71B00BCD506 /* Debug */ = {
			isa = XCBuildConfiguration;
			buildSettings = {
				ASSETCATALOG_COMPILER_GLOBAL_ACCENT_COLOR_NAME = AccentColor;
				ASSETCATALOG_COMPILER_WIDGET_BACKGROUND_COLOR_NAME = WidgetBackground;
				CODE_SIGN_STYLE = Automatic;
				CURRENT_PROJECT_VERSION = 1;
				DEAD_CODE_STRIPPING = YES;
				ENABLE_APP_SANDBOX = YES;
				ENABLE_HARDENED_RUNTIME = YES;
				ENABLE_USER_SCRIPT_SANDBOXING = YES;
				GENERATE_INFOPLIST_FILE = YES;
				INFOPLIST_FILE = SahilStatsWidget/Info.plist;
				INFOPLIST_KEY_CFBundleDisplayName = SahilStatsWidget;
				INFOPLIST_KEY_NSHumanReadableCopyright = "";
				IPHONEOS_DEPLOYMENT_TARGET = 26.0;
				LD_RUNPATH_SEARCH_PATHS = (
					"$(inherited)",
					"@executable_path/Frameworks",
					"@executable_path/../../Frameworks",
				);
				"LD_RUNPATH_SEARCH_PATHS[sdk=macosx*]" = (
					"$(inherited)",
					"@executable_path/../Frameworks",
					"@executable_path/../../../../Frameworks",
				);
				MACOSX_DEPLOYMENT_TARGET = 26.0;
				MARKETING_VERSION = 1.0;
				PRODUCT_BUNDLE_IDENTIFIER = com.narayan.SahilStats.SahilStatsWidget;
				PRODUCT_NAME = "$(TARGET_NAME)";
				SDKROOT = auto;
				SKIP_INSTALL = YES;
				STRING_CATALOG_GENERATE_SYMBOLS = YES;
				SUPPORTED_PLATFORMS = "iphoneos iphonesimulator";
				SUPPORTS_MACCATALYST = NO;
				SUPPORTS_MAC_DESIGNED_FOR_IPHONE_IPAD = YES;
				SWIFT_APPROACHABLE_CONCURRENCY = YES;
				SWIFT_EMIT_LOC_STRINGS = YES;
				SWIFT_UPCOMING_FEATURE_MEMBER_IMPORT_VISIBILITY = YES;
				SWIFT_VERSION = 5.0;
				TARGETED_DEVICE_FAMILY = "1,2";
				XROS_DEPLOYMENT_TARGET = 26.0;
			};
			name = Debug;
		};
		8B7B15522E99E71B00BCD506 /* Release */ = {
			isa = XCBuildConfiguration;
			buildSettings = {
				ASSETCATALOG_COMPILER_GLOBAL_ACCENT_COLOR_NAME = AccentColor;
				ASSETCATALOG_COMPILER_WIDGET_BACKGROUND_COLOR_NAME = WidgetBackground;
				CODE_SIGN_STYLE = Automatic;
				CURRENT_PROJECT_VERSION = 1;
				DEAD_CODE_STRIPPING = YES;
				ENABLE_APP_SANDBOX = YES;
				ENABLE_HARDENED_RUNTIME = YES;
				ENABLE_USER_SCRIPT_SANDBOXING = YES;
				GENERATE_INFOPLIST_FILE = YES;
				INFOPLIST_FILE = SahilStatsWidget/Info.plist;
				INFOPLIST_KEY_CFBundleDisplayName = SahilStatsWidget;
				INFOPLIST_KEY_NSHumanReadableCopyright = "";
				IPHONEOS_DEPLOYMENT_TARGET = 26.0;
				LD_RUNPATH_SEARCH_PATHS = (
					"$(inherited)",
					"@executable_path/Frameworks",
					"@executable_path/../../Frameworks",
				);
				"LD_RUNPATH_SEARCH_PATHS[sdk=macosx*]" = (
					"$(inherited)",
					"@executable_path/../Frameworks",
					"@executable_path/../../../../Frameworks",
				);
				MACOSX_DEPLOYMENT_TARGET = 26.0;
				MARKETING_VERSION = 1.0;
				PRODUCT_BUNDLE_IDENTIFIER = com.narayan.SahilStats.SahilStatsWidget;
				PRODUCT_NAME = "$(TARGET_NAME)";
				SDKROOT = auto;
				SKIP_INSTALL = YES;
				STRING_CATALOG_GENERATE_SYMBOLS = YES;
				SUPPORTED_PLATFORMS = "iphoneos iphonesimulator";
				SUPPORTS_MACCATALYST = NO;
				SUPPORTS_MAC_DESIGNED_FOR_IPHONE_IPAD = YES;
				SWIFT_APPROACHABLE_CONCURRENCY = YES;
				SWIFT_EMIT_LOC_STRINGS = YES;
				SWIFT_UPCOMING_FEATURE_MEMBER_IMPORT_VISIBILITY = YES;
				SWIFT_VERSION = 5.0;
				TARGETED_DEVICE_FAMILY = "1,2";
				XROS_DEPLOYMENT_TARGET = 26.0;
			};
			name = Release;
		};
		8BFE143B2E7B5A9000CED835 /* Debug */ = {
			isa = XCBuildConfiguration;
			buildSettings = {
				ALWAYS_SEARCH_USER_PATHS = NO;
				ASSETCATALOG_COMPILER_GENERATE_SWIFT_ASSET_SYMBOL_EXTENSIONS = YES;
				CLANG_ANALYZER_NONNULL = YES;
				CLANG_ANALYZER_NUMBER_OBJECT_CONVERSION = YES_AGGRESSIVE;
				CLANG_CXX_LANGUAGE_STANDARD = "gnu++20";
				CLANG_ENABLE_MODULES = YES;
				CLANG_ENABLE_OBJC_ARC = YES;
				CLANG_ENABLE_OBJC_WEAK = YES;
				CLANG_WARN_BLOCK_CAPTURE_AUTORELEASING = YES;
				CLANG_WARN_BOOL_CONVERSION = YES;
				CLANG_WARN_COMMA = YES;
				CLANG_WARN_CONSTANT_CONVERSION = YES;
				CLANG_WARN_DEPRECATED_OBJC_IMPLEMENTATIONS = YES;
				CLANG_WARN_DIRECT_OBJC_ISA_USAGE = YES_ERROR;
				CLANG_WARN_DOCUMENTATION_COMMENTS = YES;
				CLANG_WARN_EMPTY_BODY = YES;
				CLANG_WARN_ENUM_CONVERSION = YES;
				CLANG_WARN_INFINITE_RECURSION = YES;
				CLANG_WARN_INT_CONVERSION = YES;
				CLANG_WARN_NON_LITERAL_NULL_CONVERSION = YES;
				CLANG_WARN_OBJC_IMPLICIT_RETAIN_SELF = YES;
				CLANG_WARN_OBJC_LITERAL_CONVERSION = YES;
				CLANG_WARN_OBJC_ROOT_CLASS = YES_ERROR;
				CLANG_WARN_QUOTED_INCLUDE_IN_FRAMEWORK_HEADER = YES;
				CLANG_WARN_RANGE_LOOP_ANALYSIS = YES;
				CLANG_WARN_STRICT_PROTOTYPES = YES;
				CLANG_WARN_SUSPICIOUS_MOVE = YES;
				CLANG_WARN_UNGUARDED_AVAILABILITY = YES_AGGRESSIVE;
				CLANG_WARN_UNREACHABLE_CODE = YES;
				CLANG_WARN__DUPLICATE_METHOD_MATCH = YES;
				COPY_PHASE_STRIP = NO;
				DEBUG_INFORMATION_FORMAT = dwarf;
				DEVELOPMENT_TEAM = TTV9QQRD5H;
				ENABLE_STRICT_OBJC_MSGSEND = YES;
				ENABLE_TESTABILITY = YES;
				ENABLE_USER_SCRIPT_SANDBOXING = NO;
				GCC_C_LANGUAGE_STANDARD = gnu17;
				GCC_DYNAMIC_NO_PIC = NO;
				GCC_NO_COMMON_BLOCKS = YES;
				GCC_OPTIMIZATION_LEVEL = 0;
				GCC_PREPROCESSOR_DEFINITIONS = (
					"DEBUG=1",
					"$(inherited)",
				);
				GCC_WARN_64_TO_32_BIT_CONVERSION = YES;
				GCC_WARN_ABOUT_RETURN_TYPE = YES_ERROR;
				GCC_WARN_UNDECLARED_SELECTOR = YES;
				GCC_WARN_UNINITIALIZED_AUTOS = YES_AGGRESSIVE;
				GCC_WARN_UNUSED_FUNCTION = YES;
				GCC_WARN_UNUSED_VARIABLE = YES;
				IPHONEOS_DEPLOYMENT_TARGET = 26.0;
				LOCALIZATION_PREFERS_STRING_CATALOGS = YES;
				MTL_ENABLE_DEBUG_INFO = INCLUDE_SOURCE;
				MTL_FAST_MATH = YES;
				ONLY_ACTIVE_ARCH = YES;
				SDKROOT = iphoneos;
				STRING_CATALOG_GENERATE_SYMBOLS = YES;
				SWIFT_ACTIVE_COMPILATION_CONDITIONS = "DEBUG $(inherited)";
				SWIFT_OPTIMIZATION_LEVEL = "-Onone";
			};
			name = Debug;
		};
		8BFE143C2E7B5A9000CED835 /* Release */ = {
			isa = XCBuildConfiguration;
			buildSettings = {
				ALWAYS_SEARCH_USER_PATHS = NO;
				ASSETCATALOG_COMPILER_GENERATE_SWIFT_ASSET_SYMBOL_EXTENSIONS = YES;
				CLANG_ANALYZER_NONNULL = YES;
				CLANG_ANALYZER_NUMBER_OBJECT_CONVERSION = YES_AGGRESSIVE;
				CLANG_CXX_LANGUAGE_STANDARD = "gnu++20";
				CLANG_ENABLE_MODULES = YES;
				CLANG_ENABLE_OBJC_ARC = YES;
				CLANG_ENABLE_OBJC_WEAK = YES;
				CLANG_WARN_BLOCK_CAPTURE_AUTORELEASING = YES;
				CLANG_WARN_BOOL_CONVERSION = YES;
				CLANG_WARN_COMMA = YES;
				CLANG_WARN_CONSTANT_CONVERSION = YES;
				CLANG_WARN_DEPRECATED_OBJC_IMPLEMENTATIONS = YES;
				CLANG_WARN_DIRECT_OBJC_ISA_USAGE = YES_ERROR;
				CLANG_WARN_DOCUMENTATION_COMMENTS = YES;
				CLANG_WARN_EMPTY_BODY = YES;
				CLANG_WARN_ENUM_CONVERSION = YES;
				CLANG_WARN_INFINITE_RECURSION = YES;
				CLANG_WARN_INT_CONVERSION = YES;
				CLANG_WARN_NON_LITERAL_NULL_CONVERSION = YES;
				CLANG_WARN_OBJC_IMPLICIT_RETAIN_SELF = YES;
				CLANG_WARN_OBJC_LITERAL_CONVERSION = YES;
				CLANG_WARN_OBJC_ROOT_CLASS = YES_ERROR;
				CLANG_WARN_QUOTED_INCLUDE_IN_FRAMEWORK_HEADER = YES;
				CLANG_WARN_RANGE_LOOP_ANALYSIS = YES;
				CLANG_WARN_STRICT_PROTOTYPES = YES;
				CLANG_WARN_SUSPICIOUS_MOVE = YES;
				CLANG_WARN_UNGUARDED_AVAILABILITY = YES_AGGRESSIVE;
				CLANG_WARN_UNREACHABLE_CODE = YES;
				CLANG_WARN__DUPLICATE_METHOD_MATCH = YES;
				COPY_PHASE_STRIP = NO;
				DEBUG_INFORMATION_FORMAT = "dwarf-with-dsym";
				DEVELOPMENT_TEAM = TTV9QQRD5H;
				ENABLE_NS_ASSERTIONS = NO;
				ENABLE_STRICT_OBJC_MSGSEND = YES;
				ENABLE_USER_SCRIPT_SANDBOXING = NO;
				GCC_C_LANGUAGE_STANDARD = gnu17;
				GCC_NO_COMMON_BLOCKS = YES;
				GCC_WARN_64_TO_32_BIT_CONVERSION = YES;
				GCC_WARN_ABOUT_RETURN_TYPE = YES_ERROR;
				GCC_WARN_UNDECLARED_SELECTOR = YES;
				GCC_WARN_UNINITIALIZED_AUTOS = YES_AGGRESSIVE;
				GCC_WARN_UNUSED_FUNCTION = YES;
				GCC_WARN_UNUSED_VARIABLE = YES;
				IPHONEOS_DEPLOYMENT_TARGET = 26.0;
				LOCALIZATION_PREFERS_STRING_CATALOGS = YES;
				MTL_ENABLE_DEBUG_INFO = NO;
				MTL_FAST_MATH = YES;
				SDKROOT = iphoneos;
				STRING_CATALOG_GENERATE_SYMBOLS = YES;
				SWIFT_COMPILATION_MODE = wholemodule;
				VALIDATE_PRODUCT = YES;
			};
			name = Release;
		};
		8BFE143E2E7B5A9000CED835 /* Debug */ = {
			isa = XCBuildConfiguration;
			buildSettings = {
				ASSETCATALOG_COMPILER_APPICON_NAME = AppIcon;
				ASSETCATALOG_COMPILER_GLOBAL_ACCENT_COLOR_NAME = AccentColor;
				CODE_SIGN_STYLE = Automatic;
				CURRENT_PROJECT_VERSION = 1;
				ENABLE_PREVIEWS = YES;
				GENERATE_INFOPLIST_FILE = YES;
				INFOPLIST_FILE = SahilStats/Info.plist;
				INFOPLIST_KEY_CFBundleDisplayName = "Sahil's Stat Tracker";
				INFOPLIST_KEY_LSApplicationCategoryType = "public.app-category.sports";
				INFOPLIST_KEY_NSCameraUsageDescription = "SahilStats uses the camera to record game videos with live score overlays, creating memorable highlights of your basketball games.";
				INFOPLIST_KEY_NSLocationUsageDescription = "SahilStats uses your location to automatically fill in the game location.";
				INFOPLIST_KEY_NSLocationWhenInUseUsageDescription = "SahilStats uses your location to automatically fill in the game location, making it easier to track where games are played.";
				INFOPLIST_KEY_NSMicrophoneUsageDescription = "SahilStats uses the microphone to record audio along with game videos, capturing the full atmosphere of your basketball games.";
				INFOPLIST_KEY_NSPhotoLibraryAddUsageDescription = "SahilStats saves game screenshots and video highlights to your photo library, preserving your basketball memories and achievements.";
				INFOPLIST_KEY_NSPhotoLibraryUsageDescription = "SahilStats accesses your photo library to save game screenshots, video highlights, and organize your basketball memories in a dedicated SahilStats album.";
				INFOPLIST_KEY_UIApplicationSceneManifest_Generation = YES;
				INFOPLIST_KEY_UIApplicationSupportsIndirectInputEvents = YES;
				INFOPLIST_KEY_UILaunchScreen_Generation = YES;
				INFOPLIST_KEY_UIRequiredDeviceCapabilities = "camera-flash video-camera microphone";
				INFOPLIST_KEY_UISupportedInterfaceOrientations = "UIInterfaceOrientationPortrait UIInterfaceOrientationLandscapeLeft UIInterfaceOrientationLandscapeRight";
				INFOPLIST_KEY_UISupportedInterfaceOrientations_iPad = "UIInterfaceOrientationPortrait UIInterfaceOrientationPortraitUpsideDown UIInterfaceOrientationLandscapeLeft UIInterfaceOrientationLandscapeRight";
				INFOPLIST_KEY_UISupportedInterfaceOrientations_iPhone = "UIInterfaceOrientationPortrait UIInterfaceOrientationLandscapeLeft UIInterfaceOrientationLandscapeRight";
				LD_RUNPATH_SEARCH_PATHS = (
					"$(inherited)",
					"@executable_path/Frameworks",
				);
				MARKETING_VERSION = 1.0;
				PRODUCT_BUNDLE_IDENTIFIER = com.narayan.SahilStats;
				PRODUCT_NAME = "$(TARGET_NAME)";
				STRING_CATALOG_GENERATE_SYMBOLS = YES;
				SUPPORTED_PLATFORMS = "iphoneos iphonesimulator";
				SUPPORTS_MACCATALYST = NO;
				SUPPORTS_XR_DESIGNED_FOR_IPHONE_IPAD = NO;
				SWIFT_APPROACHABLE_CONCURRENCY = YES;
				SWIFT_DEFAULT_ACTOR_ISOLATION = MainActor;
				SWIFT_EMIT_LOC_STRINGS = YES;
				SWIFT_UPCOMING_FEATURE_MEMBER_IMPORT_VISIBILITY = YES;
				SWIFT_VERSION = 5.0;
				TARGETED_DEVICE_FAMILY = "1,2";
			};
			name = Debug;
		};
		8BFE143F2E7B5A9000CED835 /* Release */ = {
			isa = XCBuildConfiguration;
			buildSettings = {
				ASSETCATALOG_COMPILER_APPICON_NAME = AppIcon;
				ASSETCATALOG_COMPILER_GLOBAL_ACCENT_COLOR_NAME = AccentColor;
				CODE_SIGN_STYLE = Automatic;
				CURRENT_PROJECT_VERSION = 1;
				ENABLE_PREVIEWS = YES;
				GENERATE_INFOPLIST_FILE = YES;
				INFOPLIST_FILE = SahilStats/Info.plist;
				INFOPLIST_KEY_CFBundleDisplayName = "Sahil's Stat Tracker";
				INFOPLIST_KEY_LSApplicationCategoryType = "public.app-category.sports";
				INFOPLIST_KEY_NSCameraUsageDescription = "SahilStats uses the camera to record game videos with live score overlays, creating memorable highlights of your basketball games.";
				INFOPLIST_KEY_NSLocationUsageDescription = "SahilStats uses your location to automatically fill in the game location.";
				INFOPLIST_KEY_NSLocationWhenInUseUsageDescription = "SahilStats uses your location to automatically fill in the game location, making it easier to track where games are played.";
				INFOPLIST_KEY_NSMicrophoneUsageDescription = "SahilStats uses the microphone to record audio along with game videos, capturing the full atmosphere of your basketball games.";
				INFOPLIST_KEY_NSPhotoLibraryAddUsageDescription = "SahilStats saves game screenshots and video highlights to your photo library, preserving your basketball memories and achievements.";
				INFOPLIST_KEY_NSPhotoLibraryUsageDescription = "SahilStats accesses your photo library to save game screenshots, video highlights, and organize your basketball memories in a dedicated SahilStats album.";
				INFOPLIST_KEY_UIApplicationSceneManifest_Generation = YES;
				INFOPLIST_KEY_UIApplicationSupportsIndirectInputEvents = YES;
				INFOPLIST_KEY_UILaunchScreen_Generation = YES;
				INFOPLIST_KEY_UIRequiredDeviceCapabilities = "camera-flash video-camera microphone";
				INFOPLIST_KEY_UISupportedInterfaceOrientations = "UIInterfaceOrientationPortrait UIInterfaceOrientationLandscapeLeft UIInterfaceOrientationLandscapeRight";
				INFOPLIST_KEY_UISupportedInterfaceOrientations_iPad = "UIInterfaceOrientationPortrait UIInterfaceOrientationPortraitUpsideDown UIInterfaceOrientationLandscapeLeft UIInterfaceOrientationLandscapeRight";
				INFOPLIST_KEY_UISupportedInterfaceOrientations_iPhone = "UIInterfaceOrientationPortrait UIInterfaceOrientationLandscapeLeft UIInterfaceOrientationLandscapeRight";
				LD_RUNPATH_SEARCH_PATHS = (
					"$(inherited)",
					"@executable_path/Frameworks",
				);
				MARKETING_VERSION = 1.0;
				PRODUCT_BUNDLE_IDENTIFIER = com.narayan.SahilStats;
				PRODUCT_NAME = "$(TARGET_NAME)";
				STRING_CATALOG_GENERATE_SYMBOLS = YES;
				SUPPORTED_PLATFORMS = "iphoneos iphonesimulator";
				SUPPORTS_MACCATALYST = NO;
				SUPPORTS_XR_DESIGNED_FOR_IPHONE_IPAD = NO;
				SWIFT_APPROACHABLE_CONCURRENCY = YES;
				SWIFT_DEFAULT_ACTOR_ISOLATION = MainActor;
				SWIFT_EMIT_LOC_STRINGS = YES;
				SWIFT_UPCOMING_FEATURE_MEMBER_IMPORT_VISIBILITY = YES;
				SWIFT_VERSION = 5.0;
				TARGETED_DEVICE_FAMILY = "1,2";
			};
			name = Release;
		};
/* End XCBuildConfiguration section */

/* Begin XCConfigurationList section */
		8B7B15502E99E71B00BCD506 /* Build configuration list for PBXNativeTarget "SahilStatsWidgetExtension" */ = {
			isa = XCConfigurationList;
			buildConfigurations = (
				8B7B15512E99E71B00BCD506 /* Debug */,
				8B7B15522E99E71B00BCD506 /* Release */,
			);
			defaultConfigurationIsVisible = 0;
			defaultConfigurationName = Release;
		};
		8BFE14282E7B5A8E00CED835 /* Build configuration list for PBXProject "SahilStats" */ = {
			isa = XCConfigurationList;
			buildConfigurations = (
				8BFE143B2E7B5A9000CED835 /* Debug */,
				8BFE143C2E7B5A9000CED835 /* Release */,
			);
			defaultConfigurationIsVisible = 0;
			defaultConfigurationName = Release;
		};
		8BFE143D2E7B5A9000CED835 /* Build configuration list for PBXNativeTarget "SahilStats" */ = {
			isa = XCConfigurationList;
			buildConfigurations = (
				8BFE143E2E7B5A9000CED835 /* Debug */,
				8BFE143F2E7B5A9000CED835 /* Release */,
			);
			defaultConfigurationIsVisible = 0;
			defaultConfigurationName = Release;
		};
/* End XCConfigurationList section */

/* Begin XCRemoteSwiftPackageReference section */
		8B74A6D02E8683C300B76776 /* XCRemoteSwiftPackageReference "lottie-ios" */ = {
			isa = XCRemoteSwiftPackageReference;
			repositoryURL = "https://github.com/airbnb/lottie-ios.git";
			requirement = {
				kind = upToNextMajorVersion;
				minimumVersion = 4.5.2;
			};
		};
		8BFE14502E7B60A800CED835 /* XCRemoteSwiftPackageReference "firebase-ios-sdk" */ = {
			isa = XCRemoteSwiftPackageReference;
			repositoryURL = "https://github.com/firebase/firebase-ios-sdk";
			requirement = {
				kind = upToNextMajorVersion;
				minimumVersion = 12.3.0;
			};
		};
		8BFE14642E7B6E9200CED835 /* XCRemoteSwiftPackageReference "GoogleSignIn-iOS" */ = {
			isa = XCRemoteSwiftPackageReference;
			repositoryURL = "https://github.com/google/GoogleSignIn-iOS";
			requirement = {
				kind = upToNextMajorVersion;
				minimumVersion = 9.0.0;
			};
		};
/* End XCRemoteSwiftPackageReference section */

/* Begin XCSwiftPackageProductDependency section */
		8B74A6D12E8683C300B76776 /* Lottie */ = {
			isa = XCSwiftPackageProductDependency;
			package = 8B74A6D02E8683C300B76776 /* XCRemoteSwiftPackageReference "lottie-ios" */;
			productName = Lottie;
		};
		8BFE14512E7B60A800CED835 /* FirebaseCore */ = {
			isa = XCSwiftPackageProductDependency;
			package = 8BFE14502E7B60A800CED835 /* XCRemoteSwiftPackageReference "firebase-ios-sdk" */;
			productName = FirebaseCore;
		};
		8BFE14592E7B622E00CED835 /* FirebaseAuth */ = {
			isa = XCSwiftPackageProductDependency;
			package = 8BFE14502E7B60A800CED835 /* XCRemoteSwiftPackageReference "firebase-ios-sdk" */;
			productName = FirebaseAuth;
		};
		8BFE145B2E7B622E00CED835 /* FirebaseFirestore */ = {
			isa = XCSwiftPackageProductDependency;
			package = 8BFE14502E7B60A800CED835 /* XCRemoteSwiftPackageReference "firebase-ios-sdk" */;
			productName = FirebaseFirestore;
		};
		8BFE145D2E7B622E00CED835 /* FirebaseStorage */ = {
			isa = XCSwiftPackageProductDependency;
			package = 8BFE14502E7B60A800CED835 /* XCRemoteSwiftPackageReference "firebase-ios-sdk" */;
			productName = FirebaseStorage;
		};
		8BFE14652E7B6E9200CED835 /* GoogleSignIn */ = {
			isa = XCSwiftPackageProductDependency;
			package = 8BFE14642E7B6E9200CED835 /* XCRemoteSwiftPackageReference "GoogleSignIn-iOS" */;
			productName = GoogleSignIn;
		};
		8BFE14672E7B6E9200CED835 /* GoogleSignInSwift */ = {
			isa = XCSwiftPackageProductDependency;
			package = 8BFE14642E7B6E9200CED835 /* XCRemoteSwiftPackageReference "GoogleSignIn-iOS" */;
			productName = GoogleSignInSwift;
		};
/* End XCSwiftPackageProductDependency section */
	};
	rootObject = 8BFE14252E7B5A8E00CED835 /* Project object */;
}
